{
  "nodes": {
    "flakelite": {
      "inputs": {
        "nixpkgs": "nixpkgs"
      },
      "locked": {
        "lastModified": 1701931616,
        "narHash": "sha256-bcu55ow7C3TEu6XekAjkMbFsEd9d8ranjpACFM3t/M0=",
        "owner": "accelbread",
        "repo": "flakelite",
        "rev": "88607687cf3b67a075f60bf5477b2b46dc0138a1",
        "type": "github"
      },
      "original": {
        "owner": "accelbread",
        "repo": "flakelite",
        "type": "github"
      }
    },
    "nixpkgs": {
      "locked": {
        "lastModified": 1701436327,
        "narHash": "sha256-tRHbnoNI8SIM5O5xuxOmtSLnswEByzmnQcGGyNRjxsE=",
        "owner": "NixOS",
        "repo": "nixpkgs",
        "rev": "91050ea1e57e50388fa87a3302ba12d188ef723a",
        "type": "github"
      },
      "original": {
        "id": "nixpkgs",
        "ref": "nixos-unstable",
        "type": "indirect"
      }
    },
    "root": {
      "inputs": {
        "flakelite": "flakelite"
      }
    }
  },
  "root": "root",
  "version": 7
}
